
Microsoft Visual Studio Solution File, Format Version 12.00
# Visual Studio 15
VisualStudioVersion = 15.0.28010.2050
MinimumVisualStudioVersion = 10.0.40219.1
Project("{888888A0-9F3D-457C-B088-3A5042F75D52}") = "BDTechServices", "BDTechServices\BDTechServices.pyproj", "{5189E94B-7C55-4816-921F-883F94D1C941}"
EndProject
Global
	GlobalSection(SolutionConfigurationPlatforms) = preSolution
		Debug|Any CPU = Debug|Any CPU
		Release|Any CPU = Release|Any CPU
	EndGlobalSection
	GlobalSection(ProjectConfigurationPlatforms) = postSolution
		{5189E94B-7C55-4816-921F-883F94D1C941}.Debug|Any CPU.ActiveCfg = Debug|Any CPU
		{5189E94B-7C55-4816-921F-883F94D1C941}.Debug|Any CPU.Build.0 = Debug|Any CPU
		{5189E94B-7C55-4816-921F-883F94D1C941}.Release|Any CPU.ActiveCfg = Release|Any CPU
		{5189E94B-7C55-4816-921F-883F94D1C941}.Release|Any CPU.Build.0 = Release|Any CPU
	EndGlobalSection
	GlobalSection(SolutionProperties) = preSolution
		HideSolutionNode = FALSE
	EndGlobalSection
	GlobalSection(ExtensibilityGlobals) = postSolution
		SolutionGuid = {D9F67681-4767-4E48-A978-EEC74620FEF0}
	EndGlobalSection
EndGlobal
